
Microsoft Visual Studio Solution File, Format Version 12.00
# Visual Studio Version 17
VisualStudioVersion = 17.1.32414.318
MinimumVisualStudioVersion = 10.0.40219.1
Project("{9A19103F-16F7-4668-BE54-9A1E7A4F7556}") = "ASPNETCoreWebAPIDevExtremeGantt", "ASPNETCoreWebAPIDevExtremeGantt.csproj", "{DD14CBA5-1CC9-4199-A559-EF1A754DB6F6}"
EndProject
Project("{9A19103F-16F7-4668-BE54-9A1E7A4F7556}") = "DataModel", "..\Model\DataModel.csproj", "{BB16B067-9B6E-4207-8AA1-4E442FD1C883}"
EndProject
Project("{9A19103F-16F7-4668-BE54-9A1E7A4F7556}") = "ServiceImpletment", "..\ServiceImpletment\ServiceImpletment.csproj", "{8BE2226D-A051-4042-8154-1F390F9AB154}"
EndProject
Project("{FAE04EC0-301F-11D3-BF4B-00C04F79EFBC}") = "ServiceInterface", "..\ServiceInterface\ServiceInterface.csproj", "{7435C35F-AD9D-47DB-B698-DAE4D12DCFD5}"
EndProject
Global
	GlobalSection(SolutionConfigurationPlatforms) = preSolution
		Debug|Any CPU = Debug|Any CPU
		Release|Any CPU = Release|Any CPU
	EndGlobalSection
	GlobalSection(ProjectConfigurationPlatforms) = postSolution
		{DD14CBA5-1CC9-4199-A559-EF1A754DB6F6}.Debug|Any CPU.ActiveCfg = Debug|Any CPU
		{DD14CBA5-1CC9-4199-A559-EF1A754DB6F6}.Debug|Any CPU.Build.0 = Debug|Any CPU
		{DD14CBA5-1CC9-4199-A559-EF1A754DB6F6}.Release|Any CPU.ActiveCfg = Release|Any CPU
		{DD14CBA5-1CC9-4199-A559-EF1A754DB6F6}.Release|Any CPU.Build.0 = Release|Any CPU
		{BB16B067-9B6E-4207-8AA1-4E442FD1C883}.Debug|Any CPU.ActiveCfg = Debug|Any CPU
		{BB16B067-9B6E-4207-8AA1-4E442FD1C883}.Debug|Any CPU.Build.0 = Debug|Any CPU
		{BB16B067-9B6E-4207-8AA1-4E442FD1C883}.Release|Any CPU.ActiveCfg = Release|Any CPU
		{BB16B067-9B6E-4207-8AA1-4E442FD1C883}.Release|Any CPU.Build.0 = Release|Any CPU
		{8BE2226D-A051-4042-8154-1F390F9AB154}.Debug|Any CPU.ActiveCfg = Debug|Any CPU
		{8BE2226D-A051-4042-8154-1F390F9AB154}.Debug|Any CPU.Build.0 = Debug|Any CPU
		{8BE2226D-A051-4042-8154-1F390F9AB154}.Release|Any CPU.ActiveCfg = Release|Any CPU
		{8BE2226D-A051-4042-8154-1F390F9AB154}.Release|Any CPU.Build.0 = Release|Any CPU
		{7435C35F-AD9D-47DB-B698-DAE4D12DCFD5}.Debug|Any CPU.ActiveCfg = Debug|Any CPU
		{7435C35F-AD9D-47DB-B698-DAE4D12DCFD5}.Debug|Any CPU.Build.0 = Debug|Any CPU
		{7435C35F-AD9D-47DB-B698-DAE4D12DCFD5}.Release|Any CPU.ActiveCfg = Release|Any CPU
		{7435C35F-AD9D-47DB-B698-DAE4D12DCFD5}.Release|Any CPU.Build.0 = Release|Any CPU
	EndGlobalSection
	GlobalSection(SolutionProperties) = preSolution
		HideSolutionNode = FALSE
	EndGlobalSection
	GlobalSection(ExtensibilityGlobals) = postSolution
		SolutionGuid = {4FFDB481-E434-4F38-B38C-979B23CA0416}
	EndGlobalSection
EndGlobal
